// !$*UTF8*$!
{
	archiveVersion = 1;
	classes = {
	};
	objectVersion = 46;
	objects = {

/* Begin PBXBuildFile section */
		DA0DD2A01DB56B950080477F /* AppDelegate.swift in Sources */ = {isa = PBXBuildFile; fileRef = DA0DD29F1DB56B950080477F /* AppDelegate.swift */; };
		DA0DD2A51DB56B950080477F /* Main.storyboard in Resources */ = {isa = PBXBuildFile; fileRef = DA0DD2A31DB56B950080477F /* Main.storyboard */; };
		DA0DD2A71DB56B950080477F /* Assets.xcassets in Resources */ = {isa = PBXBuildFile; fileRef = DA0DD2A61DB56B950080477F /* Assets.xcassets */; };
		DA0DD2AA1DB56B950080477F /* LaunchScreen.storyboard in Resources */ = {isa = PBXBuildFile; fileRef = DA0DD2A81DB56B950080477F /* LaunchScreen.storyboard */; };
		DA0DD2B31DB56C4C0080477F /* PostListTableViewController.swift in Sources */ = {isa = PBXBuildFile; fileRef = DA0DD2B21DB56C4C0080477F /* PostListTableViewController.swift */; };
		DA3A773F1DB935CB002D9834 /* CloudKitManager.swift in Sources */ = {isa = PBXBuildFile; fileRef = DA3A773E1DB935CB002D9834 /* CloudKitManager.swift */; };
		DADA41391DB69285005DA7FF /* CloudKit.framework in Frameworks */ = {isa = PBXBuildFile; fileRef = DADA41381DB69285005DA7FF /* CloudKit.framework */; };
		DAEB69631DB5705100C5D8ED /* PostDetailTableViewController.swift in Sources */ = {isa = PBXBuildFile; fileRef = DAEB69621DB5705100C5D8ED /* PostDetailTableViewController.swift */; };
		DAEB69651DB5713100C5D8ED /* AddPostTableViewController.swift in Sources */ = {isa = PBXBuildFile; fileRef = DAEB69641DB5713100C5D8ED /* AddPostTableViewController.swift */; };
		DAEB69671DB5720900C5D8ED /* SearchResultsTableViewController.swift in Sources */ = {isa = PBXBuildFile; fileRef = DAEB69661DB5720900C5D8ED /* SearchResultsTableViewController.swift */; };
		DAEB69691DB5724F00C5D8ED /* Post.swift in Sources */ = {isa = PBXBuildFile; fileRef = DAEB69681DB5724F00C5D8ED /* Post.swift */; };
		DAEB696B1DB5740E00C5D8ED /* Comment.swift in Sources */ = {isa = PBXBuildFile; fileRef = DAEB696A1DB5740E00C5D8ED /* Comment.swift */; };
		DAEB696D1DB57F4300C5D8ED /* PostController.swift in Sources */ = {isa = PBXBuildFile; fileRef = DAEB696C1DB57F4300C5D8ED /* PostController.swift */; };
		DAEB696F1DB5945300C5D8ED /* PostTableViewCell.swift in Sources */ = {isa = PBXBuildFile; fileRef = DAEB696E1DB5945300C5D8ED /* PostTableViewCell.swift */; };
		DAED753C1DB8262800B9E900 /* File.swift in Sources */ = {isa = PBXBuildFile; fileRef = DAED753B1DB8262800B9E900 /* File.swift */; };
/* End PBXBuildFile section */

/* Begin PBXFileReference section */
		DA0DD29C1DB56B950080477F /* Timeline-Work.app */ = {isa = PBXFileReference; explicitFileType = wrapper.application; includeInIndex = 0; path = "Timeline-Work.app"; sourceTree = BUILT_PRODUCTS_DIR; };
		DA0DD29F1DB56B950080477F /* AppDelegate.swift */ = {isa = PBXFileReference; lastKnownFileType = sourcecode.swift; path = AppDelegate.swift; sourceTree = "<group>"; };
		DA0DD2A41DB56B950080477F /* Base */ = {isa = PBXFileReference; lastKnownFileType = file.storyboard; name = Base; path = Base.lproj/Main.storyboard; sourceTree = "<group>"; };
		DA0DD2A61DB56B950080477F /* Assets.xcassets */ = {isa = PBXFileReference; lastKnownFileType = folder.assetcatalog; path = Assets.xcassets; sourceTree = "<group>"; };
		DA0DD2A91DB56B950080477F /* Base */ = {isa = PBXFileReference; lastKnownFileType = file.storyboard; name = Base; path = Base.lproj/LaunchScreen.storyboard; sourceTree = "<group>"; };
		DA0DD2AB1DB56B950080477F /* Info.plist */ = {isa = PBXFileReference; lastKnownFileType = text.plist.xml; path = Info.plist; sourceTree = "<group>"; };
		DA0DD2B21DB56C4C0080477F /* PostListTableViewController.swift */ = {isa = PBXFileReference; fileEncoding = 4; lastKnownFileType = sourcecode.swift; name = PostListTableViewController.swift; path = ../PostListTableViewController.swift; sourceTree = "<group>"; };
		DA3A773E1DB935CB002D9834 /* CloudKitManager.swift */ = {isa = PBXFileReference; fileEncoding = 4; lastKnownFileType = sourcecode.swift; path = CloudKitManager.swift; sourceTree = "<group>"; };
		DADA41361DB69283005DA7FF /* Timeline-Work.entitlements */ = {isa = PBXFileReference; lastKnownFileType = text.plist.entitlements; path = "Timeline-Work.entitlements"; sourceTree = "<group>"; };
		DADA41381DB69285005DA7FF /* CloudKit.framework */ = {isa = PBXFileReference; lastKnownFileType = wrapper.framework; name = CloudKit.framework; path = System/Library/Frameworks/CloudKit.framework; sourceTree = SDKROOT; };
		DAEB69621DB5705100C5D8ED /* PostDetailTableViewController.swift */ = {isa = PBXFileReference; fileEncoding = 4; lastKnownFileType = sourcecode.swift; path = PostDetailTableViewController.swift; sourceTree = "<group>"; };
		DAEB69641DB5713100C5D8ED /* AddPostTableViewController.swift */ = {isa = PBXFileReference; fileEncoding = 4; lastKnownFileType = sourcecode.swift; path = AddPostTableViewController.swift; sourceTree = "<group>"; };
		DAEB69661DB5720900C5D8ED /* SearchResultsTableViewController.swift */ = {isa = PBXFileReference; fileEncoding = 4; lastKnownFileType = sourcecode.swift; path = SearchResultsTableViewController.swift; sourceTree = "<group>"; };
		DAEB69681DB5724F00C5D8ED /* Post.swift */ = {isa = PBXFileReference; fileEncoding = 4; lastKnownFileType = sourcecode.swift; path = Post.swift; sourceTree = "<group>"; };
		DAEB696A1DB5740E00C5D8ED /* Comment.swift */ = {isa = PBXFileReference; fileEncoding = 4; lastKnownFileType = sourcecode.swift; path = Comment.swift; sourceTree = "<group>"; };
		DAEB696C1DB57F4300C5D8ED /* PostController.swift */ = {isa = PBXFileReference; fileEncoding = 4; lastKnownFileType = sourcecode.swift; path = PostController.swift; sourceTree = "<group>"; };
		DAEB696E1DB5945300C5D8ED /* PostTableViewCell.swift */ = {isa = PBXFileReference; fileEncoding = 4; lastKnownFileType = sourcecode.swift; path = PostTableViewCell.swift; sourceTree = "<group>"; };
		DAED753B1DB8262800B9E900 /* File.swift */ = {isa = PBXFileReference; fileEncoding = 4; lastKnownFileType = sourcecode.swift; path = File.swift; sourceTree = "<group>"; };
/* End PBXFileReference section */

/* Begin PBXFrameworksBuildPhase section */
		DA0DD2991DB56B950080477F /* Frameworks */ = {
			isa = PBXFrameworksBuildPhase;
			buildActionMask = 2147483647;
			files = (
				DADA41391DB69285005DA7FF /* CloudKit.framework in Frameworks */,
			);
			runOnlyForDeploymentPostprocessing = 0;
		};
/* End PBXFrameworksBuildPhase section */

/* Begin PBXGroup section */
		DA0DD2931DB56B950080477F = {
			isa = PBXGroup;
			children = (
				DA0DD29E1DB56B950080477F /* Timeline-Work */,
				DA0DD29D1DB56B950080477F /* Products */,
				DADA41371DB69285005DA7FF /* Frameworks */,
			);
			sourceTree = "<group>";
		};
		DA0DD29D1DB56B950080477F /* Products */ = {
			isa = PBXGroup;
			children = (
				DA0DD29C1DB56B950080477F /* Timeline-Work.app */,
			);
			name = Products;
			sourceTree = "<group>";
		};
		DA0DD29E1DB56B950080477F /* Timeline-Work */ = {
			isa = PBXGroup;
			children = (
				DADA41361DB69283005DA7FF /* Timeline-Work.entitlements */,
				DA0DD2B71DB56CAC0080477F /* Views */,
				DA0DD2B41DB56C600080477F /* ViewController */,
				DA0DD2B61DB56C9E0080477F /* Controller */,
				DA0DD2B51DB56C900080477F /* Model */,
				DA0DD29F1DB56B950080477F /* AppDelegate.swift */,
				DA0DD2B11DB56BB90080477F /* Supporting Files */,
			);
			path = "Timeline-Work";
			sourceTree = "<group>";
		};
		DA0DD2B11DB56BB90080477F /* Supporting Files */ = {
			isa = PBXGroup;
			children = (
				DA0DD2A61DB56B950080477F /* Assets.xcassets */,
				DA0DD2A81DB56B950080477F /* LaunchScreen.storyboard */,
				DA0DD2AB1DB56B950080477F /* Info.plist */,
			);
			name = "Supporting Files";
			sourceTree = "<group>";
		};
		DA0DD2B41DB56C600080477F /* ViewController */ = {
			isa = PBXGroup;
			children = (
				DA0DD2B21DB56C4C0080477F /* PostListTableViewController.swift */,
				DAED753B1DB8262800B9E900 /* File.swift */,
				DAEB69621DB5705100C5D8ED /* PostDetailTableViewController.swift */,
				DAEB69641DB5713100C5D8ED /* AddPostTableViewController.swift */,
				DAEB69661DB5720900C5D8ED /* SearchResultsTableViewController.swift */,
				DAEB696E1DB5945300C5D8ED /* PostTableViewCell.swift */,
			);
			name = ViewController;
			sourceTree = "<group>";
		};
		DA0DD2B51DB56C900080477F /* Model */ = {
			isa = PBXGroup;
			children = (
				DAEB69681DB5724F00C5D8ED /* Post.swift */,
				DAEB696A1DB5740E00C5D8ED /* Comment.swift */,
			);
			name = Model;
			sourceTree = "<group>";
		};
		DA0DD2B61DB56C9E0080477F /* Controller */ = {
			isa = PBXGroup;
			children = (
				DA3A773E1DB935CB002D9834 /* CloudKitManager.swift */,
				DAEB696C1DB57F4300C5D8ED /* PostController.swift */,
			);
			name = Controller;
			sourceTree = "<group>";
		};
		DA0DD2B71DB56CAC0080477F /* Views */ = {
			isa = PBXGroup;
			children = (
				DA0DD2A31DB56B950080477F /* Main.storyboard */,
			);
			name = Views;
			sourceTree = "<group>";
		};
		DADA41371DB69285005DA7FF /* Frameworks */ = {
			isa = PBXGroup;
			children = (
				DADA41381DB69285005DA7FF /* CloudKit.framework */,
			);
			name = Frameworks;
			sourceTree = "<group>";
		};
/* End PBXGroup section */

/* Begin PBXNativeTarget section */
		DA0DD29B1DB56B950080477F /* Timeline-Work */ = {
			isa = PBXNativeTarget;
			buildConfigurationList = DA0DD2AE1DB56B950080477F /* Build configuration list for PBXNativeTarget "Timeline-Work" */;
			buildPhases = (
				DA0DD2981DB56B950080477F /* Sources */,
				DA0DD2991DB56B950080477F /* Frameworks */,
				DA0DD29A1DB56B950080477F /* Resources */,
			);
			buildRules = (
			);
			dependencies = (
			);
			name = "Timeline-Work";
			productName = "Timeline-Work";
			productReference = DA0DD29C1DB56B950080477F /* Timeline-Work.app */;
			productType = "com.apple.product-type.application";
		};
/* End PBXNativeTarget section */

/* Begin PBXProject section */
		DA0DD2941DB56B950080477F /* Project object */ = {
			isa = PBXProject;
			attributes = {
				LastSwiftUpdateCheck = 0800;
				LastUpgradeCheck = 0800;
				ORGANIZATIONNAME = "Thorsten Boldin";
				TargetAttributes = {
					DA0DD29B1DB56B950080477F = {
						CreatedOnToolsVersion = 8.0;
						DevelopmentTeam = X88QN6EGG9;
						ProvisioningStyle = Automatic;
						SystemCapabilities = {
							com.apple.Push = {
								enabled = 1;
							};
							com.apple.iCloud = {
								enabled = 1;
							};
						};
					};
				};
			};
			buildConfigurationList = DA0DD2971DB56B950080477F /* Build configuration list for PBXProject "Timeline-Work" */;
			compatibilityVersion = "Xcode 3.2";
			developmentRegion = English;
			hasScannedForEncodings = 0;
			knownRegions = (
				en,
				Base,
			);
			mainGroup = DA0DD2931DB56B950080477F;
			productRefGroup = DA0DD29D1DB56B950080477F /* Products */;
			projectDirPath = "";
			projectRoot = "";
			targets = (
				DA0DD29B1DB56B950080477F /* Timeline-Work */,
			);
		};
/* End PBXProject section */

/* Begin PBXResourcesBuildPhase section */
		DA0DD29A1DB56B950080477F /* Resources */ = {
			isa = PBXResourcesBuildPhase;
			buildActionMask = 2147483647;
			files = (
				DA0DD2AA1DB56B950080477F /* LaunchScreen.storyboard in Resources */,
				DA0DD2A71DB56B950080477F /* Assets.xcassets in Resources */,
				DA0DD2A51DB56B950080477F /* Main.storyboard in Resources */,
			);
			runOnlyForDeploymentPostprocessing = 0;
		};
/* End PBXResourcesBuildPhase section */

/* Begin PBXSourcesBuildPhase section */
		DA0DD2981DB56B950080477F /* Sources */ = {
			isa = PBXSourcesBuildPhase;
			buildActionMask = 2147483647;
			files = (
				DA0DD2A01DB56B950080477F /* AppDelegate.swift in Sources */,
				DA3A773F1DB935CB002D9834 /* CloudKitManager.swift in Sources */,
				DAEB696D1DB57F4300C5D8ED /* PostController.swift in Sources */,
				DA0DD2B31DB56C4C0080477F /* PostListTableViewController.swift in Sources */,
				DAEB69671DB5720900C5D8ED /* SearchResultsTableViewController.swift in Sources */,
				DAEB696B1DB5740E00C5D8ED /* Comment.swift in Sources */,
				DAED753C1DB8262800B9E900 /* File.swift in Sources */,
				DAEB69691DB5724F00C5D8ED /* Post.swift in Sources */,
				DAEB69651DB5713100C5D8ED /* AddPostTableViewController.swift in Sources */,
				DAEB69631DB5705100C5D8ED /* PostDetailTableViewController.swift in Sources */,
				DAEB696F1DB5945300C5D8ED /* PostTableViewCell.swift in Sources */,
			);
			runOnlyForDeploymentPostprocessing = 0;
		};
/* End PBXSourcesBuildPhase section */

/* Begin PBXVariantGroup section */
		DA0DD2A31DB56B950080477F /* Main.storyboard */ = {
			isa = PBXVariantGroup;
			children = (
				DA0DD2A41DB56B950080477F /* Base */,
			);
			name = Main.storyboard;
			sourceTree = "<group>";
		};
		DA0DD2A81DB56B950080477F /* LaunchScreen.storyboard */ = {
			isa = PBXVariantGroup;
			children = (
				DA0DD2A91DB56B950080477F /* Base */,
			);
			name = LaunchScreen.storyboard;
			sourceTree = "<group>";
		};
/* End PBXVariantGroup section */

/* Begin XCBuildConfiguration section */
		DA0DD2AC1DB56B950080477F /* Debug */ = {
			isa = XCBuildConfiguration;
			buildSettings = {
				ALWAYS_SEARCH_USER_PATHS = NO;
				CLANG_ANALYZER_NONNULL = YES;
				CLANG_CXX_LANGUAGE_STANDARD = "gnu++0x";
				CLANG_CXX_LIBRARY = "libc++";
				CLANG_ENABLE_MODULES = YES;
				CLANG_ENABLE_OBJC_ARC = YES;
				CLANG_WARN_BOOL_CONVERSION = YES;
				CLANG_WARN_CONSTANT_CONVERSION = YES;
				CLANG_WARN_DIRECT_OBJC_ISA_USAGE = YES_ERROR;
				CLANG_WARN_DOCUMENTATION_COMMENTS = YES;
				CLANG_WARN_EMPTY_BODY = YES;
				CLANG_WARN_ENUM_CONVERSION = YES;
				CLANG_WARN_INFINITE_RECURSION = YES;
				CLANG_WARN_INT_CONVERSION = YES;
				CLANG_WARN_OBJC_ROOT_CLASS = YES_ERROR;
				CLANG_WARN_SUSPICIOUS_MOVES = YES;
				CLANG_WARN_UNREACHABLE_CODE = YES;
				CLANG_WARN__DUPLICATE_METHOD_MATCH = YES;
				"CODE_SIGN_IDENTITY[sdk=iphoneos*]" = "iPhone Developer";
				COPY_PHASE_STRIP = NO;
				DEBUG_INFORMATION_FORMAT = dwarf;
				ENABLE_STRICT_OBJC_MSGSEND = YES;
				ENABLE_TESTABILITY = YES;
				GCC_C_LANGUAGE_STANDARD = gnu99;
				GCC_DYNAMIC_NO_PIC = NO;
				GCC_NO_COMMON_BLOCKS = YES;
				GCC_OPTIMIZATION_LEVEL = 0;
				GCC_PREPROCESSOR_DEFINITIONS = (
					"DEBUG=1",
					"$(inherited)",
				);
				GCC_WARN_64_TO_32_BIT_CONVERSION = YES;
				GCC_WARN_ABOUT_RETURN_TYPE = YES_ERROR;
				GCC_WARN_UNDECLARED_SELECTOR = YES;
				GCC_WARN_UNINITIALIZED_AUTOS = YES_AGGRESSIVE;
				GCC_WARN_UNUSED_FUNCTION = YES;
				GCC_WARN_UNUSED_VARIABLE = YES;
				IPHONEOS_DEPLOYMENT_TARGET = 10.0;
				MTL_ENABLE_DEBUG_INFO = YES;
				ONLY_ACTIVE_ARCH = YES;
				SDKROOT = iphoneos;
				SWIFT_ACTIVE_COMPILATION_CONDITIONS = DEBUG;
				SWIFT_OPTIMIZATION_LEVEL = "-Onone";
			};
			name = Debug;
		};
		DA0DD2AD1DB56B950080477F /* Release */ = {
			isa = XCBuildConfiguration;
			buildSettings = {
				ALWAYS_SEARCH_USER_PATHS = NO;
				CLANG_ANALYZER_NONNULL = YES;
				CLANG_CXX_LANGUAGE_STANDARD = "gnu++0x";
				CLANG_CXX_LIBRARY = "libc++";
				CLANG_ENABLE_MODULES = YES;
				CLANG_ENABLE_OBJC_ARC = YES;
				CLANG_WARN_BOOL_CONVERSION = YES;
				CLANG_WARN_CONSTANT_CONVERSION = YES;
				CLANG_WARN_DIRECT_OBJC_ISA_USAGE = YES_ERROR;
				CLANG_WARN_DOCUMENTATION_COMMENTS = YES;
				CLANG_WARN_EMPTY_BODY = YES;
				CLANG_WARN_ENUM_CONVERSION = YES;
				CLANG_WARN_INFINITE_RECURSION = YES;
				CLANG_WARN_INT_CONVERSION = YES;
				CLANG_WARN_OBJC_ROOT_CLASS = YES_ERROR;
				CLANG_WARN_SUSPICIOUS_MOVES = YES;
				CLANG_WARN_UNREACHABLE_CODE = YES;
				CLANG_WARN__DUPLICATE_METHOD_MATCH = YES;
				"CODE_SIGN_IDENTITY[sdk=iphoneos*]" = "iPhone Developer";
				COPY_PHASE_STRIP = NO;
				DEBUG_INFORMATION_FORMAT = "dwarf-with-dsym";
				ENABLE_NS_ASSERTIONS = NO;
				ENABLE_STRICT_OBJC_MSGSEND = YES;
				GCC_C_LANGUAGE_STANDARD = gnu99;
				GCC_NO_COMMON_BLOCKS = YES;
				GCC_WARN_64_TO_32_BIT_CONVERSION = YES;
				GCC_WARN_ABOUT_RETURN_TYPE = YES_ERROR;
				GCC_WARN_UNDECLARED_SELECTOR = YES;
				GCC_WARN_UNINITIALIZED_AUTOS = YES_AGGRESSIVE;
				GCC_WARN_UNUSED_FUNCTION = YES;
				GCC_WARN_UNUSED_VARIABLE = YES;
				IPHONEOS_DEPLOYMENT_TARGET = 10.0;
				MTL_ENABLE_DEBUG_INFO = NO;
				SDKROOT = iphoneos;
				SWIFT_OPTIMIZATION_LEVEL = "-Owholemodule";
				VALIDATE_PRODUCT = YES;
			};
			name = Release;
		};
		DA0DD2AF1DB56B950080477F /* Debug */ = {
			isa = XCBuildConfiguration;
			buildSettings = {
				ASSETCATALOG_COMPILER_APPICON_NAME = AppIcon;
				CODE_SIGN_ENTITLEMENTS = "Timeline-Work/Timeline-Work.entitlements";
				DEVELOPMENT_TEAM = X88QN6EGG9;
				INFOPLIST_FILE = "Timeline-Work/Info.plist";
				LD_RUNPATH_SEARCH_PATHS = "$(inherited) @executable_path/Frameworks";
				PRODUCT_BUNDLE_IDENTIFIER = "de.uvb-data.Timeline-Work";
				PRODUCT_NAME = "$(TARGET_NAME)";
				SWIFT_VERSION = 3.0;
			};
			name = Debug;
		};
		DA0DD2B01DB56B950080477F /* Release */ = {
			isa = XCBuildConfiguration;
			buildSettings = {
				ASSETCATALOG_COMPILER_APPICON_NAME = AppIcon;
				CODE_SIGN_ENTITLEMENTS = "Timeline-Work/Timeline-Work.entitlements";
				DEVELOPMENT_TEAM = X88QN6EGG9;
				INFOPLIST_FILE = "Timeline-Work/Info.plist";
				LD_RUNPATH_SEARCH_PATHS = "$(inherited) @executable_path/Frameworks";
				PRODUCT_BUNDLE_IDENTIFIER = "de.uvb-data.Timeline-Work";
				PRODUCT_NAME = "$(TARGET_NAME)";
				SWIFT_VERSION = 3.0;
			};
			name = Release;
		};
/* End XCBuildConfiguration section */

/* Begin XCConfigurationList section */
		DA0DD2971DB56B950080477F /* Build configuration list for PBXProject "Timeline-Work" */ = {
			isa = XCConfigurationList;
			buildConfigurations = (
				DA0DD2AC1DB56B950080477F /* Debug */,
				DA0DD2AD1DB56B950080477F /* Release */,
			);
			defaultConfigurationIsVisible = 0;
			defaultConfigurationName = Release;
		};
		DA0DD2AE1DB56B950080477F /* Build configuration list for PBXNativeTarget "Timeline-Work" */ = {
			isa = XCConfigurationList;
			buildConfigurations = (
				DA0DD2AF1DB56B950080477F /* Debug */,
				DA0DD2B01DB56B950080477F /* Release */,
			);
			defaultConfigurationIsVisible = 0;
			defaultConfigurationName = Release;
		};
/* End XCConfigurationList section */
	};
	rootObject = DA0DD2941DB56B950080477F /* Project object */;
}
